
Microsoft Visual Studio Solution File, Format Version 12.00
# Visual Studio 14
VisualStudioVersion = 14.0.25420.1
MinimumVisualStudioVersion = 10.0.40219.1
Project("{2150E333-8FDC-42A3-9474-1A3956D46DE8}") = "src", "src", "{188B116B-598C-4CD1-9B79-D88B28BB3E5B}"
EndProject
Project("{2150E333-8FDC-42A3-9474-1A3956D46DE8}") = "Solution Items", "Solution Items", "{2D01D04F-6460-4228-AC1E-6C007E2FF8AA}"
	ProjectSection(SolutionItems) = preProject
		global.json = global.json
	EndProjectSection
EndProject
Project("{8BB2217D-0F2D-49D1-97BC-3654ED321F3B}") = "complexClass", "src\complexClass\complexClass.xproj", "{88D53C7E-2DA9-4F54-9513-B9A062005A72}"
EndProject
Global
	GlobalSection(SolutionConfigurationPlatforms) = preSolution
		Debug|Any CPU = Debug|Any CPU
		Release|Any CPU = Release|Any CPU
	EndGlobalSection
	GlobalSection(ProjectConfigurationPlatforms) = postSolution
		{88D53C7E-2DA9-4F54-9513-B9A062005A72}.Debug|Any CPU.ActiveCfg = Debug|Any CPU
		{88D53C7E-2DA9-4F54-9513-B9A062005A72}.Debug|Any CPU.Build.0 = Debug|Any CPU
		{88D53C7E-2DA9-4F54-9513-B9A062005A72}.Release|Any CPU.ActiveCfg = Release|Any CPU
		{88D53C7E-2DA9-4F54-9513-B9A062005A72}.Release|Any CPU.Build.0 = Release|Any CPU
	EndGlobalSection
	GlobalSection(SolutionProperties) = preSolution
		HideSolutionNode = FALSE
	EndGlobalSection
	GlobalSection(NestedProjects) = preSolution
		{88D53C7E-2DA9-4F54-9513-B9A062005A72} = {188B116B-598C-4CD1-9B79-D88B28BB3E5B}
	EndGlobalSection
EndGlobal
