
Microsoft Visual Studio Solution File, Format Version 12.00
# Visual Studio 14
VisualStudioVersion = 14.0.25420.1
MinimumVisualStudioVersion = 10.0.40219.1
Project("{2150E333-8FDC-42A3-9474-1A3956D46DE8}") = "src", "src", "{FCB696D2-F505-43A4-9863-BDDC2AB14856}"
EndProject
Project("{2150E333-8FDC-42A3-9474-1A3956D46DE8}") = "Solution Items", "Solution Items", "{299ED2CE-F693-4BD3-BADA-B44199D94B2D}"
	ProjectSection(SolutionItems) = preProject
		global.json = global.json
	EndProjectSection
EndProject
Project("{8BB2217D-0F2D-49D1-97BC-3654ED321F3B}") = "IStore", "src\IStore\IStore.xproj", "{30D2BE1F-2F71-4134-B544-F91AF5EDE0B6}"
EndProject
Global
	GlobalSection(SolutionConfigurationPlatforms) = preSolution
		Debug|Any CPU = Debug|Any CPU
		Release|Any CPU = Release|Any CPU
	EndGlobalSection
	GlobalSection(ProjectConfigurationPlatforms) = postSolution
		{30D2BE1F-2F71-4134-B544-F91AF5EDE0B6}.Debug|Any CPU.ActiveCfg = Debug|Any CPU
		{30D2BE1F-2F71-4134-B544-F91AF5EDE0B6}.Debug|Any CPU.Build.0 = Debug|Any CPU
		{30D2BE1F-2F71-4134-B544-F91AF5EDE0B6}.Release|Any CPU.ActiveCfg = Release|Any CPU
		{30D2BE1F-2F71-4134-B544-F91AF5EDE0B6}.Release|Any CPU.Build.0 = Release|Any CPU
	EndGlobalSection
	GlobalSection(SolutionProperties) = preSolution
		HideSolutionNode = FALSE
	EndGlobalSection
	GlobalSection(NestedProjects) = preSolution
		{30D2BE1F-2F71-4134-B544-F91AF5EDE0B6} = {FCB696D2-F505-43A4-9863-BDDC2AB14856}
	EndGlobalSection
EndGlobal
