
Microsoft Visual Studio Solution File, Format Version 12.00
# Visual Studio 14
VisualStudioVersion = 14.0.25420.1
MinimumVisualStudioVersion = 10.0.40219.1
Project("{2150E333-8FDC-42A3-9474-1A3956D46DE8}") = "src", "src", "{8B7E5884-1F35-4955-AF8C-D90F8F922C0D}"
EndProject
Project("{2150E333-8FDC-42A3-9474-1A3956D46DE8}") = "Solution Items", "Solution Items", "{47F2A35C-4BD3-46B1-AD50-8005DD4DC19F}"
	ProjectSection(SolutionItems) = preProject
		global.json = global.json
	EndProjectSection
EndProject
Project("{8BB2217D-0F2D-49D1-97BC-3654ED321F3B}") = "instance", "src\instance\instance.xproj", "{3574D971-77E5-46B2-A718-541F59290F21}"
EndProject
Global
	GlobalSection(SolutionConfigurationPlatforms) = preSolution
		Debug|Any CPU = Debug|Any CPU
		Release|Any CPU = Release|Any CPU
	EndGlobalSection
	GlobalSection(ProjectConfigurationPlatforms) = postSolution
		{3574D971-77E5-46B2-A718-541F59290F21}.Debug|Any CPU.ActiveCfg = Debug|Any CPU
		{3574D971-77E5-46B2-A718-541F59290F21}.Debug|Any CPU.Build.0 = Debug|Any CPU
		{3574D971-77E5-46B2-A718-541F59290F21}.Release|Any CPU.ActiveCfg = Release|Any CPU
		{3574D971-77E5-46B2-A718-541F59290F21}.Release|Any CPU.Build.0 = Release|Any CPU
	EndGlobalSection
	GlobalSection(SolutionProperties) = preSolution
		HideSolutionNode = FALSE
	EndGlobalSection
	GlobalSection(NestedProjects) = preSolution
		{3574D971-77E5-46B2-A718-541F59290F21} = {8B7E5884-1F35-4955-AF8C-D90F8F922C0D}
	EndGlobalSection
EndGlobal
