
Microsoft Visual Studio Solution File, Format Version 12.00
# Visual Studio 14
VisualStudioVersion = 14.0.25420.1
MinimumVisualStudioVersion = 10.0.40219.1
Project("{2150E333-8FDC-42A3-9474-1A3956D46DE8}") = "src", "src", "{05CE5936-4311-437F-A605-42F1A8FE8C7B}"
EndProject
Project("{2150E333-8FDC-42A3-9474-1A3956D46DE8}") = "Solution Items", "Solution Items", "{830B5CD3-E34E-4209-AE1F-B209262AA16A}"
	ProjectSection(SolutionItems) = preProject
		global.json = global.json
	EndProjectSection
EndProject
Project("{8BB2217D-0F2D-49D1-97BC-3654ED321F3B}") = "inheritanceIndviduleWork", "src\inheritanceIndviduleWork\inheritanceIndviduleWork.xproj", "{0EB1FBF9-7FA9-4408-872B-F483FB8CA1CD}"
EndProject
Global
	GlobalSection(SolutionConfigurationPlatforms) = preSolution
		Debug|Any CPU = Debug|Any CPU
		Release|Any CPU = Release|Any CPU
	EndGlobalSection
	GlobalSection(ProjectConfigurationPlatforms) = postSolution
		{0EB1FBF9-7FA9-4408-872B-F483FB8CA1CD}.Debug|Any CPU.ActiveCfg = Debug|Any CPU
		{0EB1FBF9-7FA9-4408-872B-F483FB8CA1CD}.Debug|Any CPU.Build.0 = Debug|Any CPU
		{0EB1FBF9-7FA9-4408-872B-F483FB8CA1CD}.Release|Any CPU.ActiveCfg = Release|Any CPU
		{0EB1FBF9-7FA9-4408-872B-F483FB8CA1CD}.Release|Any CPU.Build.0 = Release|Any CPU
	EndGlobalSection
	GlobalSection(SolutionProperties) = preSolution
		HideSolutionNode = FALSE
	EndGlobalSection
	GlobalSection(NestedProjects) = preSolution
		{0EB1FBF9-7FA9-4408-872B-F483FB8CA1CD} = {05CE5936-4311-437F-A605-42F1A8FE8C7B}
	EndGlobalSection
EndGlobal
