
Microsoft Visual Studio Solution File, Format Version 12.00
# Visual Studio 14
VisualStudioVersion = 14.0.25420.1
MinimumVisualStudioVersion = 10.0.40219.1
Project("{2150E333-8FDC-42A3-9474-1A3956D46DE8}") = "src", "src", "{FFDC3601-6617-496E-8619-6D4A30025B8C}"
EndProject
Project("{8BB2217D-0F2D-49D1-97BC-3654ED321F3B}") = "instantiatedNewVariableArray", "src\instantiatedNewVariableArray\instantiatedNewVariableArray.xproj", "{74990419-EC85-4366-AAAF-29F0E039F8CC}"
EndProject
Global
	GlobalSection(SolutionConfigurationPlatforms) = preSolution
		Debug|Any CPU = Debug|Any CPU
		Release|Any CPU = Release|Any CPU
	EndGlobalSection
	GlobalSection(ProjectConfigurationPlatforms) = postSolution
		{74990419-EC85-4366-AAAF-29F0E039F8CC}.Debug|Any CPU.ActiveCfg = Debug|Any CPU
		{74990419-EC85-4366-AAAF-29F0E039F8CC}.Debug|Any CPU.Build.0 = Debug|Any CPU
		{74990419-EC85-4366-AAAF-29F0E039F8CC}.Release|Any CPU.ActiveCfg = Release|Any CPU
		{74990419-EC85-4366-AAAF-29F0E039F8CC}.Release|Any CPU.Build.0 = Release|Any CPU
	EndGlobalSection
	GlobalSection(SolutionProperties) = preSolution
		HideSolutionNode = FALSE
	EndGlobalSection
	GlobalSection(NestedProjects) = preSolution
		{74990419-EC85-4366-AAAF-29F0E039F8CC} = {FFDC3601-6617-496E-8619-6D4A30025B8C}
	EndGlobalSection
EndGlobal
